
Microsoft Visual Studio Solution File, Format Version 12.00
# Visual Studio 2013
VisualStudioVersion = 12.0.21005.1
MinimumVisualStudioVersion = 10.0.40219.1
Project("{FAE04EC0-301F-11D3-BF4B-00C04F79EFBC}") = "KinectControls", "KinectControls\KinectControls.csproj", "{100F7009-AC20-4C47-95FB-063AEDA7A6F8}"
	ProjectSection(ProjectDependencies) = postProject
		{9346F47A-D258-499B-81CB-100A8C424540} = {9346F47A-D258-499B-81CB-100A8C424540}
	EndProjectSection
EndProject
Project("{FAE04EC0-301F-11D3-BF4B-00C04F79EFBC}") = "Kinect1", "Kinect1\Kinect1.csproj", "{BFD4F53B-147A-4B2D-874F-7A81759590FB}"
	ProjectSection(ProjectDependencies) = postProject
		{100F7009-AC20-4C47-95FB-063AEDA7A6F8} = {100F7009-AC20-4C47-95FB-063AEDA7A6F8}
		{C6F9C31B-6130-4443-A5CC-EF0664552ECD} = {C6F9C31B-6130-4443-A5CC-EF0664552ECD}
		{A1A4EB2E-4163-41B6-8A07-7A28D648816F} = {A1A4EB2E-4163-41B6-8A07-7A28D648816F}
	EndProjectSection
EndProject
Project("{FAE04EC0-301F-11D3-BF4B-00C04F79EFBC}") = "Microsoft.Kinect.Toolkit", "Microsoft.Kinect.Toolkit\Microsoft.Kinect.Toolkit.csproj", "{C6F9C31B-6130-4443-A5CC-EF0664552ECD}"
EndProject
Project("{FAE04EC0-301F-11D3-BF4B-00C04F79EFBC}") = "Arduino1", "Arduino1\Arduino1.csproj", "{9346F47A-D258-499B-81CB-100A8C424540}"
EndProject
Project("{FAE04EC0-301F-11D3-BF4B-00C04F79EFBC}") = "BackgroundRemovalBasics-WPF", "BackgroundRemovalBasics-WPF\BackgroundRemovalBasics-WPF.csproj", "{A1A4EB2E-4163-41B6-8A07-7A28D648816F}"
EndProject
Global
	GlobalSection(SolutionConfigurationPlatforms) = preSolution
		Debug|Any CPU = Debug|Any CPU
		Debug|Mixed Platforms = Debug|Mixed Platforms
		Debug|x64 = Debug|x64
		Debug|x86 = Debug|x86
		Release|Any CPU = Release|Any CPU
		Release|Mixed Platforms = Release|Mixed Platforms
		Release|x64 = Release|x64
		Release|x86 = Release|x86
	EndGlobalSection
	GlobalSection(ProjectConfigurationPlatforms) = postSolution
		{100F7009-AC20-4C47-95FB-063AEDA7A6F8}.Debug|Any CPU.ActiveCfg = Debug|x64
		{100F7009-AC20-4C47-95FB-063AEDA7A6F8}.Debug|Mixed Platforms.ActiveCfg = Debug|x64
		{100F7009-AC20-4C47-95FB-063AEDA7A6F8}.Debug|Mixed Platforms.Build.0 = Debug|x64
		{100F7009-AC20-4C47-95FB-063AEDA7A6F8}.Debug|x64.ActiveCfg = Debug|x64
		{100F7009-AC20-4C47-95FB-063AEDA7A6F8}.Debug|x64.Build.0 = Debug|x64
		{100F7009-AC20-4C47-95FB-063AEDA7A6F8}.Debug|x86.ActiveCfg = Debug|x86
		{100F7009-AC20-4C47-95FB-063AEDA7A6F8}.Debug|x86.Build.0 = Debug|x86
		{100F7009-AC20-4C47-95FB-063AEDA7A6F8}.Release|Any CPU.ActiveCfg = Release|x64
		{100F7009-AC20-4C47-95FB-063AEDA7A6F8}.Release|Mixed Platforms.ActiveCfg = Release|x64
		{100F7009-AC20-4C47-95FB-063AEDA7A6F8}.Release|Mixed Platforms.Build.0 = Release|x64
		{100F7009-AC20-4C47-95FB-063AEDA7A6F8}.Release|x64.ActiveCfg = Release|x64
		{100F7009-AC20-4C47-95FB-063AEDA7A6F8}.Release|x64.Build.0 = Release|x64
		{100F7009-AC20-4C47-95FB-063AEDA7A6F8}.Release|x86.ActiveCfg = Release|x64
		{BFD4F53B-147A-4B2D-874F-7A81759590FB}.Debug|Any CPU.ActiveCfg = Debug|x64
		{BFD4F53B-147A-4B2D-874F-7A81759590FB}.Debug|Mixed Platforms.ActiveCfg = Debug|x64
		{BFD4F53B-147A-4B2D-874F-7A81759590FB}.Debug|Mixed Platforms.Build.0 = Debug|x64
		{BFD4F53B-147A-4B2D-874F-7A81759590FB}.Debug|x64.ActiveCfg = Debug|x64
		{BFD4F53B-147A-4B2D-874F-7A81759590FB}.Debug|x64.Build.0 = Debug|x64
		{BFD4F53B-147A-4B2D-874F-7A81759590FB}.Debug|x86.ActiveCfg = Debug|x86
		{BFD4F53B-147A-4B2D-874F-7A81759590FB}.Debug|x86.Build.0 = Debug|x86
		{BFD4F53B-147A-4B2D-874F-7A81759590FB}.Release|Any CPU.ActiveCfg = Release|x64
		{BFD4F53B-147A-4B2D-874F-7A81759590FB}.Release|Mixed Platforms.ActiveCfg = Release|x64
		{BFD4F53B-147A-4B2D-874F-7A81759590FB}.Release|Mixed Platforms.Build.0 = Release|x64
		{BFD4F53B-147A-4B2D-874F-7A81759590FB}.Release|x64.ActiveCfg = Release|x64
		{BFD4F53B-147A-4B2D-874F-7A81759590FB}.Release|x64.Build.0 = Release|x64
		{BFD4F53B-147A-4B2D-874F-7A81759590FB}.Release|x86.ActiveCfg = Release|x64
		{C6F9C31B-6130-4443-A5CC-EF0664552ECD}.Debug|Any CPU.ActiveCfg = Debug|x64
		{C6F9C31B-6130-4443-A5CC-EF0664552ECD}.Debug|Mixed Platforms.ActiveCfg = Debug|x64
		{C6F9C31B-6130-4443-A5CC-EF0664552ECD}.Debug|Mixed Platforms.Build.0 = Debug|x64
		{C6F9C31B-6130-4443-A5CC-EF0664552ECD}.Debug|x64.ActiveCfg = Debug|x64
		{C6F9C31B-6130-4443-A5CC-EF0664552ECD}.Debug|x64.Build.0 = Debug|x64
		{C6F9C31B-6130-4443-A5CC-EF0664552ECD}.Debug|x86.ActiveCfg = Debug|x86
		{C6F9C31B-6130-4443-A5CC-EF0664552ECD}.Debug|x86.Build.0 = Debug|x86
		{C6F9C31B-6130-4443-A5CC-EF0664552ECD}.Release|Any CPU.ActiveCfg = Release|x64
		{C6F9C31B-6130-4443-A5CC-EF0664552ECD}.Release|Mixed Platforms.ActiveCfg = Release|x64
		{C6F9C31B-6130-4443-A5CC-EF0664552ECD}.Release|Mixed Platforms.Build.0 = Release|x64
		{C6F9C31B-6130-4443-A5CC-EF0664552ECD}.Release|x64.ActiveCfg = Release|x64
		{C6F9C31B-6130-4443-A5CC-EF0664552ECD}.Release|x64.Build.0 = Release|x64
		{C6F9C31B-6130-4443-A5CC-EF0664552ECD}.Release|x86.ActiveCfg = Release|x64
		{9346F47A-D258-499B-81CB-100A8C424540}.Debug|Any CPU.ActiveCfg = Debug|x64
		{9346F47A-D258-499B-81CB-100A8C424540}.Debug|Mixed Platforms.ActiveCfg = Debug|x64
		{9346F47A-D258-499B-81CB-100A8C424540}.Debug|Mixed Platforms.Build.0 = Debug|x64
		{9346F47A-D258-499B-81CB-100A8C424540}.Debug|x64.ActiveCfg = Debug|x64
		{9346F47A-D258-499B-81CB-100A8C424540}.Debug|x64.Build.0 = Debug|x64
		{9346F47A-D258-499B-81CB-100A8C424540}.Debug|x86.ActiveCfg = Debug|x86
		{9346F47A-D258-499B-81CB-100A8C424540}.Debug|x86.Build.0 = Debug|x86
		{9346F47A-D258-499B-81CB-100A8C424540}.Release|Any CPU.ActiveCfg = Release|x64
		{9346F47A-D258-499B-81CB-100A8C424540}.Release|Mixed Platforms.ActiveCfg = Release|x64
		{9346F47A-D258-499B-81CB-100A8C424540}.Release|Mixed Platforms.Build.0 = Release|x64
		{9346F47A-D258-499B-81CB-100A8C424540}.Release|x64.ActiveCfg = Release|x64
		{9346F47A-D258-499B-81CB-100A8C424540}.Release|x64.Build.0 = Release|x64
		{9346F47A-D258-499B-81CB-100A8C424540}.Release|x86.ActiveCfg = Release|x64
		{A1A4EB2E-4163-41B6-8A07-7A28D648816F}.Debug|Any CPU.ActiveCfg = Debug|x64
		{A1A4EB2E-4163-41B6-8A07-7A28D648816F}.Debug|Mixed Platforms.ActiveCfg = Debug|x64
		{A1A4EB2E-4163-41B6-8A07-7A28D648816F}.Debug|Mixed Platforms.Build.0 = Debug|x64
		{A1A4EB2E-4163-41B6-8A07-7A28D648816F}.Debug|x64.ActiveCfg = Debug|x64
		{A1A4EB2E-4163-41B6-8A07-7A28D648816F}.Debug|x64.Build.0 = Debug|x64
		{A1A4EB2E-4163-41B6-8A07-7A28D648816F}.Debug|x86.ActiveCfg = Debug|x86
		{A1A4EB2E-4163-41B6-8A07-7A28D648816F}.Debug|x86.Build.0 = Debug|x86
		{A1A4EB2E-4163-41B6-8A07-7A28D648816F}.Release|Any CPU.ActiveCfg = Release|x64
		{A1A4EB2E-4163-41B6-8A07-7A28D648816F}.Release|Mixed Platforms.ActiveCfg = Release|x64
		{A1A4EB2E-4163-41B6-8A07-7A28D648816F}.Release|Mixed Platforms.Build.0 = Release|x64
		{A1A4EB2E-4163-41B6-8A07-7A28D648816F}.Release|x64.ActiveCfg = Release|x64
		{A1A4EB2E-4163-41B6-8A07-7A28D648816F}.Release|x64.Build.0 = Release|x64
		{A1A4EB2E-4163-41B6-8A07-7A28D648816F}.Release|x86.ActiveCfg = Release|x64
	EndGlobalSection
	GlobalSection(SolutionProperties) = preSolution
		HideSolutionNode = FALSE
	EndGlobalSection
EndGlobal
